// !$*UTF8*$!
{
	archiveVersion = 1;
	classes = {
	};
	objectVersion = 56;
	objects = {

/* Begin PBXBuildFile section */
		163D1EF328D7C7E500DE9D82 /* DetailedBookView.swift in Sources */ = {isa = PBXBuildFile; fileRef = 163D1EF228D7C7E500DE9D82 /* DetailedBookView.swift */; };
		163D1EF728D9243700DE9D82 /* DetailedBookView-Modifers.swift in Sources */ = {isa = PBXBuildFile; fileRef = 163D1EF628D9243700DE9D82 /* DetailedBookView-Modifers.swift */; };
		163D1F1528DA76BC00DE9D82 /* HomeView.swift in Sources */ = {isa = PBXBuildFile; fileRef = 163D1F1428DA76BB00DE9D82 /* HomeView.swift */; };
		165DD29128D149D5002B39C5 /* BookApp.swift in Sources */ = {isa = PBXBuildFile; fileRef = 165DD29028D149D5002B39C5 /* BookApp.swift */; };
		165DD29328D149D5002B39C5 /* ContentView.swift in Sources */ = {isa = PBXBuildFile; fileRef = 165DD29228D149D5002B39C5 /* ContentView.swift */; };
		165DD29528D149D7002B39C5 /* Assets.xcassets in Resources */ = {isa = PBXBuildFile; fileRef = 165DD29428D149D7002B39C5 /* Assets.xcassets */; };
		165DD29828D149D7002B39C5 /* Preview Assets.xcassets in Resources */ = {isa = PBXBuildFile; fileRef = 165DD29728D149D7002B39C5 /* Preview Assets.xcassets */; };
		165DD2A028D1FD22002B39C5 /* Book.swift in Sources */ = {isa = PBXBuildFile; fileRef = 165DD29F28D1FD22002B39C5 /* Book.swift */; };
		165DD2A228D213A8002B39C5 /* Debouncer.swift in Sources */ = {isa = PBXBuildFile; fileRef = 165DD2A128D213A8002B39C5 /* Debouncer.swift */; };
		165DD2C828D37495002B39C5 /* SearchView.swift in Sources */ = {isa = PBXBuildFile; fileRef = 165DD2C728D37495002B39C5 /* SearchView.swift */; };
		165DD2CA28D3CCB8002B39C5 /* BookView.swift in Sources */ = {isa = PBXBuildFile; fileRef = 165DD2C928D3CCB8002B39C5 /* BookView.swift */; };
		165DD2CC28D3CCF7002B39C5 /* SavedBooks.swift in Sources */ = {isa = PBXBuildFile; fileRef = 165DD2CB28D3CCF7002B39C5 /* SavedBooks.swift */; };
		165DD2CE28D3E6ED002B39C5 /* FileManger-DocumentDirectory.swift in Sources */ = {isa = PBXBuildFile; fileRef = 165DD2CD28D3E6ED002B39C5 /* FileManger-DocumentDirectory.swift */; };
		165DD2D028D4AEC5002B39C5 /* ArrayExtent.swift in Sources */ = {isa = PBXBuildFile; fileRef = 165DD2CF28D4AEC5002B39C5 /* ArrayExtent.swift */; };
/* End PBXBuildFile section */

/* Begin PBXFileReference section */
		163D1EF228D7C7E500DE9D82 /* DetailedBookView.swift */ = {isa = PBXFileReference; lastKnownFileType = sourcecode.swift; path = DetailedBookView.swift; sourceTree = "<group>"; };
		163D1EF628D9243700DE9D82 /* DetailedBookView-Modifers.swift */ = {isa = PBXFileReference; lastKnownFileType = sourcecode.swift; path = "DetailedBookView-Modifers.swift"; sourceTree = "<group>"; };
		163D1F1428DA76BB00DE9D82 /* HomeView.swift */ = {isa = PBXFileReference; lastKnownFileType = sourcecode.swift; path = HomeView.swift; sourceTree = "<group>"; };
		165DD28D28D149D5002B39C5 /* ReadingLog.app */ = {isa = PBXFileReference; explicitFileType = wrapper.application; includeInIndex = 0; path = ReadingLog.app; sourceTree = BUILT_PRODUCTS_DIR; };
		165DD29028D149D5002B39C5 /* BookApp.swift */ = {isa = PBXFileReference; lastKnownFileType = sourcecode.swift; path = BookApp.swift; sourceTree = "<group>"; };
		165DD29228D149D5002B39C5 /* ContentView.swift */ = {isa = PBXFileReference; lastKnownFileType = sourcecode.swift; path = ContentView.swift; sourceTree = "<group>"; };
		165DD29428D149D7002B39C5 /* Assets.xcassets */ = {isa = PBXFileReference; lastKnownFileType = folder.assetcatalog; path = Assets.xcassets; sourceTree = "<group>"; };
		165DD29728D149D7002B39C5 /* Preview Assets.xcassets */ = {isa = PBXFileReference; lastKnownFileType = folder.assetcatalog; path = "Preview Assets.xcassets"; sourceTree = "<group>"; };
		165DD29E28D14C1C002B39C5 /* Info.plist */ = {isa = PBXFileReference; lastKnownFileType = text.plist; path = Info.plist; sourceTree = "<group>"; };
		165DD29F28D1FD22002B39C5 /* Book.swift */ = {isa = PBXFileReference; lastKnownFileType = sourcecode.swift; path = Book.swift; sourceTree = "<group>"; };
		165DD2A128D213A8002B39C5 /* Debouncer.swift */ = {isa = PBXFileReference; lastKnownFileType = sourcecode.swift; path = Debouncer.swift; sourceTree = "<group>"; };
		165DD2C728D37495002B39C5 /* SearchView.swift */ = {isa = PBXFileReference; lastKnownFileType = sourcecode.swift; path = SearchView.swift; sourceTree = "<group>"; };
		165DD2C928D3CCB8002B39C5 /* BookView.swift */ = {isa = PBXFileReference; lastKnownFileType = sourcecode.swift; path = BookView.swift; sourceTree = "<group>"; };
		165DD2CB28D3CCF7002B39C5 /* SavedBooks.swift */ = {isa = PBXFileReference; lastKnownFileType = sourcecode.swift; path = SavedBooks.swift; sourceTree = "<group>"; };
		165DD2CD28D3E6ED002B39C5 /* FileManger-DocumentDirectory.swift */ = {isa = PBXFileReference; fileEncoding = 4; lastKnownFileType = sourcecode.swift; path = "FileManger-DocumentDirectory.swift"; sourceTree = "<group>"; };
		165DD2CF28D4AEC5002B39C5 /* ArrayExtent.swift */ = {isa = PBXFileReference; lastKnownFileType = sourcecode.swift; path = ArrayExtent.swift; sourceTree = "<group>"; };
/* End PBXFileReference section */

/* Begin PBXFrameworksBuildPhase section */
		165DD28A28D149D5002B39C5 /* Frameworks */ = {
			isa = PBXFrameworksBuildPhase;
			buildActionMask = 2147483647;
			files = (
			);
			runOnlyForDeploymentPostprocessing = 0;
		};
/* End PBXFrameworksBuildPhase section */

/* Begin PBXGroup section */
		165DD28428D149D5002B39C5 = {
			isa = PBXGroup;
			children = (
				165DD28F28D149D5002B39C5 /* Book */,
				165DD28E28D149D5002B39C5 /* Products */,
			);
			sourceTree = "<group>";
		};
		165DD28E28D149D5002B39C5 /* Products */ = {
			isa = PBXGroup;
			children = (
				165DD28D28D149D5002B39C5 /* ReadingLog.app */,
			);
			name = Products;
			sourceTree = "<group>";
		};
		165DD28F28D149D5002B39C5 /* Book */ = {
			isa = PBXGroup;
			children = (
				165DD29E28D14C1C002B39C5 /* Info.plist */,
				165DD29028D149D5002B39C5 /* BookApp.swift */,
				165DD2C928D3CCB8002B39C5 /* BookView.swift */,
				163D1F1428DA76BB00DE9D82 /* HomeView.swift */,
				163D1EF228D7C7E500DE9D82 /* DetailedBookView.swift */,
				163D1EF628D9243700DE9D82 /* DetailedBookView-Modifers.swift */,
				165DD2CB28D3CCF7002B39C5 /* SavedBooks.swift */,
				165DD29F28D1FD22002B39C5 /* Book.swift */,
				165DD2CD28D3E6ED002B39C5 /* FileManger-DocumentDirectory.swift */,
				165DD2CF28D4AEC5002B39C5 /* ArrayExtent.swift */,
				165DD29228D149D5002B39C5 /* ContentView.swift */,
				165DD2C728D37495002B39C5 /* SearchView.swift */,
				165DD2A128D213A8002B39C5 /* Debouncer.swift */,
				165DD29428D149D7002B39C5 /* Assets.xcassets */,
				165DD29628D149D7002B39C5 /* Preview Content */,
			);
			path = Book;
			sourceTree = "<group>";
		};
		165DD29628D149D7002B39C5 /* Preview Content */ = {
			isa = PBXGroup;
			children = (
				165DD29728D149D7002B39C5 /* Preview Assets.xcassets */,
			);
			path = "Preview Content";
			sourceTree = "<group>";
		};
/* End PBXGroup section */

/* Begin PBXNativeTarget section */
		165DD28C28D149D5002B39C5 /* ReadingLog */ = {
			isa = PBXNativeTarget;
			buildConfigurationList = 165DD29B28D149D7002B39C5 /* Build configuration list for PBXNativeTarget "ReadingLog" */;
			buildPhases = (
				165DD28928D149D5002B39C5 /* Sources */,
				165DD28A28D149D5002B39C5 /* Frameworks */,
				165DD28B28D149D5002B39C5 /* Resources */,
			);
			buildRules = (
			);
			dependencies = (
			);
			name = ReadingLog;
			productName = Book;
			productReference = 165DD28D28D149D5002B39C5 /* ReadingLog.app */;
			productType = "com.apple.product-type.application";
		};
/* End PBXNativeTarget section */

/* Begin PBXProject section */
		165DD28528D149D5002B39C5 /* Project object */ = {
			isa = PBXProject;
			attributes = {
				BuildIndependentTargetsInParallel = 1;
				LastSwiftUpdateCheck = 1400;
				LastUpgradeCheck = 1400;
				TargetAttributes = {
					165DD28C28D149D5002B39C5 = {
						CreatedOnToolsVersion = 14.0;
					};
				};
			};
			buildConfigurationList = 165DD28828D149D5002B39C5 /* Build configuration list for PBXProject "ReadingLog" */;
			compatibilityVersion = "Xcode 14.0";
			developmentRegion = en;
			hasScannedForEncodings = 0;
			knownRegions = (
				en,
				Base,
			);
			mainGroup = 165DD28428D149D5002B39C5;
			productRefGroup = 165DD28E28D149D5002B39C5 /* Products */;
			projectDirPath = "";
			projectRoot = "";
			targets = (
				165DD28C28D149D5002B39C5 /* ReadingLog */,
			);
		};
/* End PBXProject section */

/* Begin PBXResourcesBuildPhase section */
		165DD28B28D149D5002B39C5 /* Resources */ = {
			isa = PBXResourcesBuildPhase;
			buildActionMask = 2147483647;
			files = (
				165DD29828D149D7002B39C5 /* Preview Assets.xcassets in Resources */,
				165DD29528D149D7002B39C5 /* Assets.xcassets in Resources */,
			);
			runOnlyForDeploymentPostprocessing = 0;
		};
/* End PBXResourcesBuildPhase section */

/* Begin PBXSourcesBuildPhase section */
		165DD28928D149D5002B39C5 /* Sources */ = {
			isa = PBXSourcesBuildPhase;
			buildActionMask = 2147483647;
			files = (
				165DD2CE28D3E6ED002B39C5 /* FileManger-DocumentDirectory.swift in Sources */,
				163D1EF328D7C7E500DE9D82 /* DetailedBookView.swift in Sources */,
				165DD29328D149D5002B39C5 /* ContentView.swift in Sources */,
				165DD2CC28D3CCF7002B39C5 /* SavedBooks.swift in Sources */,
				165DD2A228D213A8002B39C5 /* Debouncer.swift in Sources */,
				165DD2D028D4AEC5002B39C5 /* ArrayExtent.swift in Sources */,
				165DD2A028D1FD22002B39C5 /* Book.swift in Sources */,
				165DD2CA28D3CCB8002B39C5 /* BookView.swift in Sources */,
				165DD29128D149D5002B39C5 /* BookApp.swift in Sources */,
				163D1F1528DA76BC00DE9D82 /* HomeView.swift in Sources */,
				163D1EF728D9243700DE9D82 /* DetailedBookView-Modifers.swift in Sources */,
				165DD2C828D37495002B39C5 /* SearchView.swift in Sources */,
			);
			runOnlyForDeploymentPostprocessing = 0;
		};
/* End PBXSourcesBuildPhase section */

/* Begin XCBuildConfiguration section */
		165DD29928D149D7002B39C5 /* Debug */ = {
			isa = XCBuildConfiguration;
			buildSettings = {
				ALWAYS_SEARCH_USER_PATHS = NO;
				CLANG_ANALYZER_NONNULL = YES;
				CLANG_ANALYZER_NUMBER_OBJECT_CONVERSION = YES_AGGRESSIVE;
				CLANG_CXX_LANGUAGE_STANDARD = "gnu++20";
				CLANG_ENABLE_MODULES = YES;
				CLANG_ENABLE_OBJC_ARC = YES;
				CLANG_ENABLE_OBJC_WEAK = YES;
				CLANG_WARN_BLOCK_CAPTURE_AUTORELEASING = YES;
				CLANG_WARN_BOOL_CONVERSION = YES;
				CLANG_WARN_COMMA = YES;
				CLANG_WARN_CONSTANT_CONVERSION = YES;
				CLANG_WARN_DEPRECATED_OBJC_IMPLEMENTATIONS = YES;
				CLANG_WARN_DIRECT_OBJC_ISA_USAGE = YES_ERROR;
				CLANG_WARN_DOCUMENTATION_COMMENTS = YES;
				CLANG_WARN_EMPTY_BODY = YES;
				CLANG_WARN_ENUM_CONVERSION = YES;
				CLANG_WARN_INFINITE_RECURSION = YES;
				CLANG_WARN_INT_CONVERSION = YES;
				CLANG_WARN_NON_LITERAL_NULL_CONVERSION = YES;
				CLANG_WARN_OBJC_IMPLICIT_RETAIN_SELF = YES;
				CLANG_WARN_OBJC_LITERAL_CONVERSION = YES;
				CLANG_WARN_OBJC_ROOT_CLASS = YES_ERROR;
				CLANG_WARN_QUOTED_INCLUDE_IN_FRAMEWORK_HEADER = YES;
				CLANG_WARN_RANGE_LOOP_ANALYSIS = YES;
				CLANG_WARN_STRICT_PROTOTYPES = YES;
				CLANG_WARN_SUSPICIOUS_MOVE = YES;
				CLANG_WARN_UNGUARDED_AVAILABILITY = YES_AGGRESSIVE;
				CLANG_WARN_UNREACHABLE_CODE = YES;
				CLANG_WARN__DUPLICATE_METHOD_MATCH = YES;
				COPY_PHASE_STRIP = NO;
				DEBUG_INFORMATION_FORMAT = dwarf;
				ENABLE_STRICT_OBJC_MSGSEND = YES;
				ENABLE_TESTABILITY = YES;
				GCC_C_LANGUAGE_STANDARD = gnu11;
				GCC_DYNAMIC_NO_PIC = NO;
				GCC_NO_COMMON_BLOCKS = YES;
				GCC_OPTIMIZATION_LEVEL = 0;
				GCC_PREPROCESSOR_DEFINITIONS = (
					"DEBUG=1",
					"$(inherited)",
				);
				GCC_WARN_64_TO_32_BIT_CONVERSION = YES;
				GCC_WARN_ABOUT_RETURN_TYPE = YES_ERROR;
				GCC_WARN_UNDECLARED_SELECTOR = YES;
				GCC_WARN_UNINITIALIZED_AUTOS = YES_AGGRESSIVE;
				GCC_WARN_UNUSED_FUNCTION = YES;
				GCC_WARN_UNUSED_VARIABLE = YES;
				IPHONEOS_DEPLOYMENT_TARGET = 16.0;
				MTL_ENABLE_DEBUG_INFO = INCLUDE_SOURCE;
				MTL_FAST_MATH = YES;
				ONLY_ACTIVE_ARCH = YES;
				SDKROOT = iphoneos;
				SWIFT_ACTIVE_COMPILATION_CONDITIONS = DEBUG;
				SWIFT_OPTIMIZATION_LEVEL = "-Onone";
			};
			name = Debug;
		};
		165DD29A28D149D7002B39C5 /* Release */ = {
			isa = XCBuildConfiguration;
			buildSettings = {
				ALWAYS_SEARCH_USER_PATHS = NO;
				CLANG_ANALYZER_NONNULL = YES;
				CLANG_ANALYZER_NUMBER_OBJECT_CONVERSION = YES_AGGRESSIVE;
				CLANG_CXX_LANGUAGE_STANDARD = "gnu++20";
				CLANG_ENABLE_MODULES = YES;
				CLANG_ENABLE_OBJC_ARC = YES;
				CLANG_ENABLE_OBJC_WEAK = YES;
				CLANG_WARN_BLOCK_CAPTURE_AUTORELEASING = YES;
				CLANG_WARN_BOOL_CONVERSION = YES;
				CLANG_WARN_COMMA = YES;
				CLANG_WARN_CONSTANT_CONVERSION = YES;
				CLANG_WARN_DEPRECATED_OBJC_IMPLEMENTATIONS = YES;
				CLANG_WARN_DIRECT_OBJC_ISA_USAGE = YES_ERROR;
				CLANG_WARN_DOCUMENTATION_COMMENTS = YES;
				CLANG_WARN_EMPTY_BODY = YES;
				CLANG_WARN_ENUM_CONVERSION = YES;
				CLANG_WARN_INFINITE_RECURSION = YES;
				CLANG_WARN_INT_CONVERSION = YES;
				CLANG_WARN_NON_LITERAL_NULL_CONVERSION = YES;
				CLANG_WARN_OBJC_IMPLICIT_RETAIN_SELF = YES;
				CLANG_WARN_OBJC_LITERAL_CONVERSION = YES;
				CLANG_WARN_OBJC_ROOT_CLASS = YES_ERROR;
				CLANG_WARN_QUOTED_INCLUDE_IN_FRAMEWORK_HEADER = YES;
				CLANG_WARN_RANGE_LOOP_ANALYSIS = YES;
				CLANG_WARN_STRICT_PROTOTYPES = YES;
				CLANG_WARN_SUSPICIOUS_MOVE = YES;
				CLANG_WARN_UNGUARDED_AVAILABILITY = YES_AGGRESSIVE;
				CLANG_WARN_UNREACHABLE_CODE = YES;
				CLANG_WARN__DUPLICATE_METHOD_MATCH = YES;
				COPY_PHASE_STRIP = NO;
				DEBUG_INFORMATION_FORMAT = "dwarf-with-dsym";
				ENABLE_NS_ASSERTIONS = NO;
				ENABLE_STRICT_OBJC_MSGSEND = YES;
				GCC_C_LANGUAGE_STANDARD = gnu11;
				GCC_NO_COMMON_BLOCKS = YES;
				GCC_WARN_64_TO_32_BIT_CONVERSION = YES;
				GCC_WARN_ABOUT_RETURN_TYPE = YES_ERROR;
				GCC_WARN_UNDECLARED_SELECTOR = YES;
				GCC_WARN_UNINITIALIZED_AUTOS = YES_AGGRESSIVE;
				GCC_WARN_UNUSED_FUNCTION = YES;
				GCC_WARN_UNUSED_VARIABLE = YES;
				IPHONEOS_DEPLOYMENT_TARGET = 16.0;
				MTL_ENABLE_DEBUG_INFO = NO;
				MTL_FAST_MATH = YES;
				SDKROOT = iphoneos;
				SWIFT_COMPILATION_MODE = wholemodule;
				SWIFT_OPTIMIZATION_LEVEL = "-O";
				VALIDATE_PRODUCT = YES;
			};
			name = Release;
		};
		165DD29C28D149D7002B39C5 /* Debug */ = {
			isa = XCBuildConfiguration;
			buildSettings = {
				ASSETCATALOG_COMPILER_APPICON_NAME = AppIcon;
				ASSETCATALOG_COMPILER_GLOBAL_ACCENT_COLOR_NAME = AccentColor;
				CODE_SIGN_STYLE = Automatic;
				CURRENT_PROJECT_VERSION = 1;
				DEVELOPMENT_ASSET_PATHS = "\"Book/Preview Content\"";
				ENABLE_PREVIEWS = YES;
				GENERATE_INFOPLIST_FILE = YES;
				INFOPLIST_FILE = Book/Info.plist;
				INFOPLIST_KEY_UIApplicationSceneManifest_Generation = YES;
				INFOPLIST_KEY_UIApplicationSupportsIndirectInputEvents = YES;
				INFOPLIST_KEY_UILaunchScreen_Generation = YES;
				INFOPLIST_KEY_UISupportedInterfaceOrientations_iPad = "UIInterfaceOrientationPortrait UIInterfaceOrientationPortraitUpsideDown UIInterfaceOrientationLandscapeLeft UIInterfaceOrientationLandscapeRight";
				INFOPLIST_KEY_UISupportedInterfaceOrientations_iPhone = "UIInterfaceOrientationPortrait UIInterfaceOrientationLandscapeLeft UIInterfaceOrientationLandscapeRight";
				LD_RUNPATH_SEARCH_PATHS = (
					"$(inherited)",
					"@executable_path/Frameworks",
				);
				MARKETING_VERSION = 1.0;
				PRODUCT_BUNDLE_IDENTIFIER = com.ahmedsaeed.Book;
				PRODUCT_NAME = "$(TARGET_NAME)";
				SWIFT_EMIT_LOC_STRINGS = YES;
				SWIFT_VERSION = 5.0;
				TARGETED_DEVICE_FAMILY = "1,2";
			};
			name = Debug;
		};
		165DD29D28D149D7002B39C5 /* Release */ = {
			isa = XCBuildConfiguration;
			buildSettings = {
				ASSETCATALOG_COMPILER_APPICON_NAME = AppIcon;
				ASSETCATALOG_COMPILER_GLOBAL_ACCENT_COLOR_NAME = AccentColor;
				CODE_SIGN_STYLE = Automatic;
				CURRENT_PROJECT_VERSION = 1;
				DEVELOPMENT_ASSET_PATHS = "\"Book/Preview Content\"";
				ENABLE_PREVIEWS = YES;
				GENERATE_INFOPLIST_FILE = YES;
				INFOPLIST_FILE = Book/Info.plist;
				INFOPLIST_KEY_UIApplicationSceneManifest_Generation = YES;
				INFOPLIST_KEY_UIApplicationSupportsIndirectInputEvents = YES;
				INFOPLIST_KEY_UILaunchScreen_Generation = YES;
				INFOPLIST_KEY_UISupportedInterfaceOrientations_iPad = "UIInterfaceOrientationPortrait UIInterfaceOrientationPortraitUpsideDown UIInterfaceOrientationLandscapeLeft UIInterfaceOrientationLandscapeRight";
				INFOPLIST_KEY_UISupportedInterfaceOrientations_iPhone = "UIInterfaceOrientationPortrait UIInterfaceOrientationLandscapeLeft UIInterfaceOrientationLandscapeRight";
				LD_RUNPATH_SEARCH_PATHS = (
					"$(inherited)",
					"@executable_path/Frameworks",
				);
				MARKETING_VERSION = 1.0;
				PRODUCT_BUNDLE_IDENTIFIER = com.ahmedsaeed.Book;
				PRODUCT_NAME = "$(TARGET_NAME)";
				SWIFT_EMIT_LOC_STRINGS = YES;
				SWIFT_VERSION = 5.0;
				TARGETED_DEVICE_FAMILY = "1,2";
			};
			name = Release;
		};
/* End XCBuildConfiguration section */

/* Begin XCConfigurationList section */
		165DD28828D149D5002B39C5 /* Build configuration list for PBXProject "ReadingLog" */ = {
			isa = XCConfigurationList;
			buildConfigurations = (
				165DD29928D149D7002B39C5 /* Debug */,
				165DD29A28D149D7002B39C5 /* Release */,
			);
			defaultConfigurationIsVisible = 0;
			defaultConfigurationName = Release;
		};
		165DD29B28D149D7002B39C5 /* Build configuration list for PBXNativeTarget "ReadingLog" */ = {
			isa = XCConfigurationList;
			buildConfigurations = (
				165DD29C28D149D7002B39C5 /* Debug */,
				165DD29D28D149D7002B39C5 /* Release */,
			);
			defaultConfigurationIsVisible = 0;
			defaultConfigurationName = Release;
		};
/* End XCConfigurationList section */
	};
	rootObject = 165DD28528D149D5002B39C5 /* Project object */;
}
